
Microsoft Visual Studio Solution File, Format Version 11.00
# Visual Studio 2010
Project("{8BC9CEB8-8B4A-11D0-8D11-00A0C91BC942}") = "ips", "ips\ips.vcxproj", "{EF817DB6-9B10-4920-858D-A82E7A1C735D}"
EndProject
Global
	GlobalSection(SolutionConfigurationPlatforms) = preSolution
		Debug|Win32 = Debug|Win32
		Release|Win32 = Release|Win32
	EndGlobalSection
	GlobalSection(ProjectConfigurationPlatforms) = postSolution
		{EF817DB6-9B10-4920-858D-A82E7A1C735D}.Debug|Win32.ActiveCfg = Debug|Win32
		{EF817DB6-9B10-4920-858D-A82E7A1C735D}.Debug|Win32.Build.0 = Debug|Win32
		{EF817DB6-9B10-4920-858D-A82E7A1C735D}.Release|Win32.ActiveCfg = Release|Win32
		{EF817DB6-9B10-4920-858D-A82E7A1C735D}.Release|Win32.Build.0 = Release|Win32
	EndGlobalSection
	GlobalSection(SolutionProperties) = preSolution
		HideSolutionNode = FALSE
	EndGlobalSection
EndGlobal
