
Microsoft Visual Studio Solution File, Format Version 11.00
# Visual Studio 2010
Project("{8BC9CEB8-8B4A-11D0-8D11-00A0C91BC942}") = "MultipleObjectTracking", "MultipleObjectTracking\MultipleObjectTracking.vcxproj", "{9F65F698-E1D2-4938-9A07-C5AAB140586F}"
EndProject
Global
	GlobalSection(SolutionConfigurationPlatforms) = preSolution
		Debug|Win32 = Debug|Win32
		Release|Win32 = Release|Win32
	EndGlobalSection
	GlobalSection(ProjectConfigurationPlatforms) = postSolution
		{9F65F698-E1D2-4938-9A07-C5AAB140586F}.Debug|Win32.ActiveCfg = Debug|Win32
		{9F65F698-E1D2-4938-9A07-C5AAB140586F}.Debug|Win32.Build.0 = Debug|Win32
		{9F65F698-E1D2-4938-9A07-C5AAB140586F}.Release|Win32.ActiveCfg = Release|Win32
		{9F65F698-E1D2-4938-9A07-C5AAB140586F}.Release|Win32.Build.0 = Release|Win32
	EndGlobalSection
	GlobalSection(SolutionProperties) = preSolution
		HideSolutionNode = FALSE
	EndGlobalSection
EndGlobal
