
Microsoft Visual Studio Solution File, Format Version 11.00
# Visual Studio 2010
Project("{8BC9CEB8-8B4A-11D0-8D11-00A0C91BC942}") = "IPSMuave", "IPSMuave\IPSMuave.vcxproj", "{D92161DF-19D8-47A6-9C85-F1AEA705E0DE}"
EndProject
Global
	GlobalSection(SolutionConfigurationPlatforms) = preSolution
		Debug|Win32 = Debug|Win32
		Release|Win32 = Release|Win32
	EndGlobalSection
	GlobalSection(ProjectConfigurationPlatforms) = postSolution
		{D92161DF-19D8-47A6-9C85-F1AEA705E0DE}.Debug|Win32.ActiveCfg = Debug|Win32
		{D92161DF-19D8-47A6-9C85-F1AEA705E0DE}.Debug|Win32.Build.0 = Debug|Win32
		{D92161DF-19D8-47A6-9C85-F1AEA705E0DE}.Release|Win32.ActiveCfg = Release|Win32
		{D92161DF-19D8-47A6-9C85-F1AEA705E0DE}.Release|Win32.Build.0 = Release|Win32
	EndGlobalSection
	GlobalSection(SolutionProperties) = preSolution
		HideSolutionNode = FALSE
	EndGlobalSection
EndGlobal
